Microsoft Visual Studio Solution File, Format Version 12.00
# Visual Studio Version 17
VisualStudioVersion = 17.0.31903.59
MinimumVisualStudioVersion = 10.0.40219.1
Project("{FAE04EC0-301F-11D3-BF4B-00C04F79EFBC}") = "Financeiro.API", "src\Financeiro.API\Financeiro.API.csproj", "{15E4235A-C892-418E-9410-CB3065DCB4E3}"
EndProject
Project("{FAE04EC0-301F-11D3-BF4B-00C04F79EFBC}") = "Financeiro.Application", "src\Financeiro.Application\Financeiro.Application.csproj", "{264732F9-4C6B-43F8-B135-388A679BA965}"
EndProject
Project("{FAE04EC0-301F-11D3-BF4B-00C04F79EFBC}") = "Financeiro.Domain", "src\Financeiro.Domain\Financeiro.Domain.csproj", "{9DF1629F-577B-4354-95C9-789506BBFCCB}"
EndProject
Project("{FAE04EC0-301F-11D3-BF4B-00C04F79EFBC}") = "Financeiro.Infrastructure", "src\Financeiro.Infrastructure\Financeiro.Infrastructure.csproj", "{C2FE6E5F-A663-47AA-94A5-ACD4756A6902}"
EndProject
Global
	GlobalSection(SolutionConfigurationPlatforms) = preSolution
		Debug|Any CPU = Debug|Any CPU
		Release|Any CPU = Release|Any CPU
	EndGlobalSection
	GlobalSection(ProjectConfigurationPlatforms) = postSolution
		{15E4235A-C892-418E-9410-CB3065DCB4E3}.Debug|Any CPU.ActiveCfg = Debug|Any CPU
		{15E4235A-C892-418E-9410-CB3065DCB4E3}.Debug|Any CPU.Build.0 = Debug|Any CPU
		{15E4235A-C892-418E-9410-CB3065DCB4E3}.Release|Any CPU.ActiveCfg = Release|Any CPU
		{15E4235A-C892-418E-9410-CB3065DCB4E3}.Release|Any CPU.Build.0 = Release|Any CPU
		{264732F9-4C6B-43F8-B135-388A679BA965}.Debug|Any CPU.ActiveCfg = Debug|Any CPU
		{264732F9-4C6B-43F8-B135-388A679BA965}.Debug|Any CPU.Build.0 = Debug|Any CPU
		{264732F9-4C6B-43F8-B135-388A679BA965}.Release|Any CPU.ActiveCfg = Release|Any CPU
		{264732F9-4C6B-43F8-B135-388A679BA965}.Release|Any CPU.Build.0 = Release|Any CPU
		{9DF1629F-577B-4354-95C9-789506BBFCCB}.Debug|Any CPU.ActiveCfg = Debug|Any CPU
		{9DF1629F-577B-4354-95C9-789506BBFCCB}.Debug|Any CPU.Build.0 = Debug|Any CPU
		{9DF1629F-577B-4354-95C9-789506BBFCCB}.Release|Any CPU.ActiveCfg = Release|Any CPU
		{9DF1629F-577B-4354-95C9-789506BBFCCB}.Release|Any CPU.Build.0 = Release|Any CPU
		{C2FE6E5F-A663-47AA-94A5-ACD4756A6902}.Debug|Any CPU.ActiveCfg = Debug|Any CPU
		{C2FE6E5F-A663-47AA-94A5-ACD4756A6902}.Debug|Any CPU.Build.0 = Debug|Any CPU
		{C2FE6E5F-A663-47AA-94A5-ACD4756A6902}.Release|Any CPU.ActiveCfg = Release|Any CPU
		{C2FE6E5F-A663-47AA-94A5-ACD4756A6902}.Release|Any CPU.Build.0 = Release|Any CPU
	EndGlobalSection
	GlobalSection(SolutionProperties) = preSolution
		HideSolutionNode = FALSE
	EndGlobalSection
EndGlobal
